
Microsoft Visual Studio Solution File, Format Version 12.00
# Visual Studio Version 16
VisualStudioVersion = 25.0.1706.5
MinimumVisualStudioVersion = 10.0.40219.1
Project("{FAE04EC0-301F-11D3-BF4B-00C04F79EFBC}") = "Week8EpicGame", "Week8EpicGame\Week8EpicGame.csproj", "{C2FD0D28-C4DF-42C8-9040-21167B78160B}"
EndProject
Project("{FAE04EC0-301F-11D3-BF4B-00C04F79EFBC}") = "DataFromFile", "DataFromFile\DataFromFile.csproj", "{CE7E95AE-F11B-48F1-8968-954FE80AEA50}"
EndProject
Project("{FAE04EC0-301F-11D3-BF4B-00C04F79EFBC}") = "DataFromFileVillains", "DataFromFileVillains\DataFromFileVillains.csproj", "{878F5E11-E4C5-43CD-A9FD-C3191E7C5C42}"
EndProject
Global
	GlobalSection(SolutionConfigurationPlatforms) = preSolution
		Debug|Any CPU = Debug|Any CPU
		Release|Any CPU = Release|Any CPU
	EndGlobalSection
	GlobalSection(ProjectConfigurationPlatforms) = postSolution
		{C2FD0D28-C4DF-42C8-9040-21167B78160B}.Debug|Any CPU.ActiveCfg = Debug|Any CPU
		{C2FD0D28-C4DF-42C8-9040-21167B78160B}.Debug|Any CPU.Build.0 = Debug|Any CPU
		{C2FD0D28-C4DF-42C8-9040-21167B78160B}.Release|Any CPU.ActiveCfg = Release|Any CPU
		{C2FD0D28-C4DF-42C8-9040-21167B78160B}.Release|Any CPU.Build.0 = Release|Any CPU
		{CE7E95AE-F11B-48F1-8968-954FE80AEA50}.Debug|Any CPU.ActiveCfg = Debug|Any CPU
		{CE7E95AE-F11B-48F1-8968-954FE80AEA50}.Debug|Any CPU.Build.0 = Debug|Any CPU
		{CE7E95AE-F11B-48F1-8968-954FE80AEA50}.Release|Any CPU.ActiveCfg = Release|Any CPU
		{CE7E95AE-F11B-48F1-8968-954FE80AEA50}.Release|Any CPU.Build.0 = Release|Any CPU
		{878F5E11-E4C5-43CD-A9FD-C3191E7C5C42}.Debug|Any CPU.ActiveCfg = Debug|Any CPU
		{878F5E11-E4C5-43CD-A9FD-C3191E7C5C42}.Debug|Any CPU.Build.0 = Debug|Any CPU
		{878F5E11-E4C5-43CD-A9FD-C3191E7C5C42}.Release|Any CPU.ActiveCfg = Release|Any CPU
		{878F5E11-E4C5-43CD-A9FD-C3191E7C5C42}.Release|Any CPU.Build.0 = Release|Any CPU
	EndGlobalSection
	GlobalSection(SolutionProperties) = preSolution
		HideSolutionNode = FALSE
	EndGlobalSection
	GlobalSection(ExtensibilityGlobals) = postSolution
		SolutionGuid = {B19A7274-26A2-4B90-855A-FE882F85E5A9}
	EndGlobalSection
EndGlobal
